
Microsoft Visual Studio Solution File, Format Version 12.00
Project("{FAE04EC0-301F-11D3-BF4B-00C04F79EFBC}") = "JudgeSystem", "JudgeSystem.csproj", "{22DAC796-0353-4E90-9DE3-F4D7EDBA194F}"
EndProject
Project("{FAE04EC0-301F-11D3-BF4B-00C04F79EFBC}") = "2024uc", "2024uc\2024uc.csproj", "{6CEE8F4D-947D-4238-8C41-E521F230FA1E}"
EndProject
Global
	GlobalSection(SolutionConfigurationPlatforms) = preSolution
		Debug|Any CPU = Debug|Any CPU
		Release|Any CPU = Release|Any CPU
	EndGlobalSection
	GlobalSection(ProjectConfigurationPlatforms) = postSolution
		{22DAC796-0353-4E90-9DE3-F4D7EDBA194F}.Debug|Any CPU.ActiveCfg = Debug|Any CPU
		{22DAC796-0353-4E90-9DE3-F4D7EDBA194F}.Debug|Any CPU.Build.0 = Debug|Any CPU
		{22DAC796-0353-4E90-9DE3-F4D7EDBA194F}.Release|Any CPU.ActiveCfg = Release|Any CPU
		{22DAC796-0353-4E90-9DE3-F4D7EDBA194F}.Release|Any CPU.Build.0 = Release|Any CPU
		{6CEE8F4D-947D-4238-8C41-E521F230FA1E}.Debug|Any CPU.ActiveCfg = Debug|Any CPU
		{6CEE8F4D-947D-4238-8C41-E521F230FA1E}.Debug|Any CPU.Build.0 = Debug|Any CPU
		{6CEE8F4D-947D-4238-8C41-E521F230FA1E}.Release|Any CPU.ActiveCfg = Release|Any CPU
		{6CEE8F4D-947D-4238-8C41-E521F230FA1E}.Release|Any CPU.Build.0 = Release|Any CPU
	EndGlobalSection
EndGlobal
